
Microsoft Visual Studio Solution File, Format Version 12.00
# Visual Studio 14
VisualStudioVersion = 14.0.25123.0
MinimumVisualStudioVersion = 10.0.40219.1
Project("{2150E333-8FDC-42A3-9474-1A3956D46DE8}") = "Solution Items", "Solution Items", "{6C5AA1DB-105A-450A-815F-5665FA0F31FC}"
	ProjectSection(SolutionItems) = preProject
		NATION'S BEGGEST CITIES.html = NATION'S BEGGEST CITIES.html
	EndProjectSection
EndProject
Project("{2150E333-8FDC-42A3-9474-1A3956D46DE8}") = "style", "style", "{CEA3E879-18E7-4515-9CA8-60C587AA975F}"
	ProjectSection(SolutionItems) = preProject
		site.css = site.css
	EndProjectSection
EndProject
Global
	GlobalSection(SolutionProperties) = preSolution
		HideSolutionNode = FALSE
	EndGlobalSection
	GlobalSection(NestedProjects) = preSolution
		{CEA3E879-18E7-4515-9CA8-60C587AA975F} = {6C5AA1DB-105A-450A-815F-5665FA0F31FC}
	EndGlobalSection
EndGlobal
